# This file was autogenerated by Stack.
# You should not edit this file by hand.
# For more information, please see the documentation at:
#   https://docs.haskellstack.org/en/stable/lock_files

packages:
- completed:
    hackage: regex-posix-clib-2.7@sha256:998fca06da3d719818f0691ef0b8b9b7375afeea228cb08bd9e2db53f96b0cd7,1232
    pantry-tree:
      size: 524
      sha256: 5bf20952472d930323766d250f5fbbe3fe6f2cd3d931e5cf7b62a238ab2099ff
  original:
    hackage: regex-posix-clib-2.7
- completed:
    size: 11194
    url: https://github.com/intolerable/api-builder/archive/v0.17.0.0.tar.gz
    name: api-builder
    version: 0.17.0.0
    sha256: 17f8eb25683e79e0ae7aa760252c9c6724ddd2cfe2c7f315502e15d6ceda8faf
    pantry-tree:
      size: 1910
      sha256: bf54f146e3a8c8ed40222c4ad3194c1b558d94a9060c38b4913bc98620bb92c9
  original:
    url: https://github.com/intolerable/api-builder/archive/v0.17.0.0.tar.gz
snapshots:
- completed:
    size: 496111
    url: https://raw.githubusercontent.com/commercialhaskell/stackage-snapshots/master/lts/15/14.yaml
    sha256: c442d702d66b8c129b3473a32c609050aabf1dc2f8e8502402c143271a8fb141
  original: lts-15.14
